
Microsoft Visual Studio Solution File, Format Version 12.00
# Visual Studio Version 17
VisualStudioVersion = 17.5.002.0
MinimumVisualStudioVersion = 10.0.40219.1
Project("{9A19103F-16F7-4668-BE54-9A1E7A4F7556}") = "Testat_Joel", "Testat_Joel.csproj", "{1CBD9F8A-E111-4926-A9F1-73EE939A4948}"
EndProject
Global
	GlobalSection(SolutionConfigurationPlatforms) = preSolution
		Debug|Any CPU = Debug|Any CPU
		Release|Any CPU = Release|Any CPU
	EndGlobalSection
	GlobalSection(ProjectConfigurationPlatforms) = postSolution
		{1CBD9F8A-E111-4926-A9F1-73EE939A4948}.Debug|Any CPU.ActiveCfg = Debug|Any CPU
		{1CBD9F8A-E111-4926-A9F1-73EE939A4948}.Debug|Any CPU.Build.0 = Debug|Any CPU
		{1CBD9F8A-E111-4926-A9F1-73EE939A4948}.Release|Any CPU.ActiveCfg = Release|Any CPU
		{1CBD9F8A-E111-4926-A9F1-73EE939A4948}.Release|Any CPU.Build.0 = Release|Any CPU
	EndGlobalSection
	GlobalSection(SolutionProperties) = preSolution
		HideSolutionNode = FALSE
	EndGlobalSection
	GlobalSection(ExtensibilityGlobals) = postSolution
		SolutionGuid = {A29081DB-A1A3-4A95-837F-0D5ED124A95C}
	EndGlobalSection
EndGlobal
